{
  "originHash" : "467b17769b8df636d409636aaa6cb57d1629491bd68b35ded25b2f9177dba420",
  "pins" : [
    {
      "identity" : "algokit-core-swift",
      "kind" : "remoteSourceControl",
      "location" : "https://github.com/algorandecosystem/algokit-core-swift",
      "state" : {
        "revision" : "2abf00396ef314d72eec47905cf982494f18a6ed",
        "version" : "1.0.0-alpha.85"
      }
    },
    {
      "identity" : "base32",
      "kind" : "remoteSourceControl",
      "location" : "https://github.com/norio-nomura/Base32",
      "state" : {
        "revision" : "c4bc0a49689999ae2c7c778f3830a6a6e694efb8",
        "version" : "0.9.0"
      }
    },
    {
      "identity" : "cryptoswift",
      "kind" : "remoteSourceControl",
      "location" : "https://github.com/krzyzanowskim/CryptoSwift.git",
      "state" : {
        "revision" : "e45a26384239e028ec87fbcc788f513b67e10d8f",
        "version" : "1.9.0"
      }
    },
    {
      "identity" : "deterministic-p256-swift",
      "kind" : "remoteSourceControl",
      "location" : "https://github.com/algorandfoundation/deterministic-P256-swift/",
      "state" : {
        "branch" : "main",
        "revision" : "4fe03ee04894cb3dcf706b9e70a39588c1cec1c9"
      }
    },
    {
      "identity" : "ed25519swift",
      "kind" : "remoteSourceControl",
      "location" : "https://github.com/pebble8888/ed25519swift",
      "state" : {
        "revision" : "1e821f5516049f5b83aca8cb3b982910cf8c028c",
        "version" : "1.2.8"
      }
    },
    {
      "identity" : "falcon-signatures-mobile",
      "kind" : "remoteSourceControl",
      "location" : "https://github.com/algorandecosystem/falcon-signatures-mobile",
      "state" : {
        "revision" : "cf0162160f9497db5ec5ef089bea93472baa5b2d",
        "version" : "0.0.19"
      }
    },
    {
      "identity" : "mnemonicswift",
      "kind" : "remoteSourceControl",
      "location" : "https://github.com/Electric-Coin-Company/MnemonicSwift",
      "state" : {
        "revision" : "2d7f3e76e904621e111efada6cc9575f39543bb2",
        "version" : "2.2.5"
      }
    },
    {
      "identity" : "socket.io-client-swift",
      "kind" : "remoteSourceControl",
      "location" : "https://github.com/socketio/socket.io-client-swift.git",
      "state" : {
        "revision" : "42da871d9369f290d6ec4930636c40672143905b"
      }
    },
    {
      "identity" : "starscream",
      "kind" : "remoteSourceControl",
      "location" : "https://github.com/daltoniam/Starscream",
      "state" : {
        "revision" : "c6bfd1af48efcc9a9ad203665db12375ba6b145a",
        "version" : "4.0.8"
      }
    },
    {
      "identity" : "swift-crypto",
      "kind" : "remoteSourceControl",
      "location" : "https://github.com/apple/swift-crypto.git",
      "state" : {
        "revision" : "60f13f60c4d093691934dc6cfdf5f508ada1f894",
        "version" : "2.6.0"
      }
    },
    {
      "identity" : "swiftcbor",
      "kind" : "remoteSourceControl",
      "location" : "https://github.com/valpackett/SwiftCBOR",
      "state" : {
        "revision" : "ea5ece79b0efde241495bfaa74eccceeffc382bc"
      }
    },
    {
      "identity" : "webrtc",
      "kind" : "remoteSourceControl",
      "location" : "https://github.com/stasel/WebRTC.git",
      "state" : {
        "revision" : "820d216010b6bb5695139852ec6740edd6f790ff",
        "version" : "138.0.0"
      }
    }
  ],
  "version" : 3
}
